// !$*UTF8*$!
{
	archiveVersion = 1;
	classes = {
	};
	objectVersion = 46;
	objects = {

/* Begin PBXBuildFile section */
		648EA5CB1C9291A90066B4D4 /* main.m in Sources */ = {isa = PBXBuildFile; fileRef = 648EA5CA1C9291A90066B4D4 /* main.m */; };
		648EA5CE1C9291A90066B4D4 /* AppDelegate.m in Sources */ = {isa = PBXBuildFile; fileRef = 648EA5CD1C9291A90066B4D4 /* AppDelegate.m */; };
		648EA5D11C9291A90066B4D4 /* ViewController.m in Sources */ = {isa = PBXBuildFile; fileRef = 648EA5D01C9291A90066B4D4 /* ViewController.m */; };
		648EA5D41C9291A90066B4D4 /* Main.storyboard in Resources */ = {isa = PBXBuildFile; fileRef = 648EA5D21C9291A90066B4D4 /* Main.storyboard */; };
		648EA5D61C9291A90066B4D4 /* Assets.xcassets in Resources */ = {isa = PBXBuildFile; fileRef = 648EA5D51C9291A90066B4D4 /* Assets.xcassets */; };
		648EA5D91C9291A90066B4D4 /* LaunchScreen.storyboard in Resources */ = {isa = PBXBuildFile; fileRef = 648EA5D71C9291A90066B4D4 /* LaunchScreen.storyboard */; };
		648EA5E41C9291A90066B4D4 /* Sortway2Tests.m in Sources */ = {isa = PBXBuildFile; fileRef = 648EA5E31C9291A90066B4D4 /* Sortway2Tests.m */; };
		648EA5EF1C9291A90066B4D4 /* Sortway2UITests.m in Sources */ = {isa = PBXBuildFile; fileRef = 648EA5EE1C9291A90066B4D4 /* Sortway2UITests.m */; };
		648EA5FE1C9291E60066B4D4 /* Sort.m in Sources */ = {isa = PBXBuildFile; fileRef = 648EA5FC1C9291E60066B4D4 /* Sort.m */; };
/* End PBXBuildFile section */

/* Begin PBXContainerItemProxy section */
		648EA5E01C9291A90066B4D4 /* PBXContainerItemProxy */ = {
			isa = PBXContainerItemProxy;
			containerPortal = 648EA5BE1C9291A90066B4D4 /* Project object */;
			proxyType = 1;
			remoteGlobalIDString = 648EA5C51C9291A90066B4D4;
			remoteInfo = Sortway2;
		};
		648EA5EB1C9291A90066B4D4 /* PBXContainerItemProxy */ = {
			isa = PBXContainerItemProxy;
			containerPortal = 648EA5BE1C9291A90066B4D4 /* Project object */;
			proxyType = 1;
			remoteGlobalIDString = 648EA5C51C9291A90066B4D4;
			remoteInfo = Sortway2;
		};
/* End PBXContainerItemProxy section */

/* Begin PBXFileReference section */
		648EA5C61C9291A90066B4D4 /* Sortway2.app */ = {isa = PBXFileReference; explicitFileType = wrapper.application; includeInIndex = 0; path = Sortway2.app; sourceTree = BUILT_PRODUCTS_DIR; };
		648EA5CA1C9291A90066B4D4 /* main.m */ = {isa = PBXFileReference; lastKnownFileType = sourcecode.c.objc; path = main.m; sourceTree = "<group>"; };
		648EA5CC1C9291A90066B4D4 /* AppDelegate.h */ = {isa = PBXFileReference; lastKnownFileType = sourcecode.c.h; path = AppDelegate.h; sourceTree = "<group>"; };
		648EA5CD1C9291A90066B4D4 /* AppDelegate.m */ = {isa = PBXFileReference; lastKnownFileType = sourcecode.c.objc; path = AppDelegate.m; sourceTree = "<group>"; };
		648EA5CF1C9291A90066B4D4 /* ViewController.h */ = {isa = PBXFileReference; lastKnownFileType = sourcecode.c.h; path = ViewController.h; sourceTree = "<group>"; };
		648EA5D01C9291A90066B4D4 /* ViewController.m */ = {isa = PBXFileReference; lastKnownFileType = sourcecode.c.objc; path = ViewController.m; sourceTree = "<group>"; };
		648EA5D31C9291A90066B4D4 /* Base */ = {isa = PBXFileReference; lastKnownFileType = file.storyboard; name = Base; path = Base.lproj/Main.storyboard; sourceTree = "<group>"; };
		648EA5D51C9291A90066B4D4 /* Assets.xcassets */ = {isa = PBXFileReference; lastKnownFileType = folder.assetcatalog; path = Assets.xcassets; sourceTree = "<group>"; };
		648EA5D81C9291A90066B4D4 /* Base */ = {isa = PBXFileReference; lastKnownFileType = file.storyboard; name = Base; path = Base.lproj/LaunchScreen.storyboard; sourceTree = "<group>"; };
		648EA5DA1C9291A90066B4D4 /* Info.plist */ = {isa = PBXFileReference; lastKnownFileType = text.plist.xml; path = Info.plist; sourceTree = "<group>"; };
		648EA5DF1C9291A90066B4D4 /* Sortway2Tests.xctest */ = {isa = PBXFileReference; explicitFileType = wrapper.cfbundle; includeInIndex = 0; path = Sortway2Tests.xctest; sourceTree = BUILT_PRODUCTS_DIR; };
		648EA5E31C9291A90066B4D4 /* Sortway2Tests.m */ = {isa = PBXFileReference; lastKnownFileType = sourcecode.c.objc; path = Sortway2Tests.m; sourceTree = "<group>"; };
		648EA5E51C9291A90066B4D4 /* Info.plist */ = {isa = PBXFileReference; lastKnownFileType = text.plist.xml; path = Info.plist; sourceTree = "<group>"; };
		648EA5EA1C9291A90066B4D4 /* Sortway2UITests.xctest */ = {isa = PBXFileReference; explicitFileType = wrapper.cfbundle; includeInIndex = 0; path = Sortway2UITests.xctest; sourceTree = BUILT_PRODUCTS_DIR; };
		648EA5EE1C9291A90066B4D4 /* Sortway2UITests.m */ = {isa = PBXFileReference; lastKnownFileType = sourcecode.c.objc; path = Sortway2UITests.m; sourceTree = "<group>"; };
		648EA5F01C9291A90066B4D4 /* Info.plist */ = {isa = PBXFileReference; lastKnownFileType = text.plist.xml; path = Info.plist; sourceTree = "<group>"; };
		648EA5FC1C9291E60066B4D4 /* Sort.m */ = {isa = PBXFileReference; fileEncoding = 4; lastKnownFileType = sourcecode.c.objc; path = Sort.m; sourceTree = "<group>"; };
		648EA5FD1C9291E60066B4D4 /* Sort.h */ = {isa = PBXFileReference; fileEncoding = 4; lastKnownFileType = sourcecode.c.h; path = Sort.h; sourceTree = "<group>"; };
/* End PBXFileReference section */

/* Begin PBXFrameworksBuildPhase section */
		648EA5C31C9291A90066B4D4 /* Frameworks */ = {
			isa = PBXFrameworksBuildPhase;
			buildActionMask = 2147483647;
			files = (
			);
			runOnlyForDeploymentPostprocessing = 0;
		};
		648EA5DC1C9291A90066B4D4 /* Frameworks */ = {
			isa = PBXFrameworksBuildPhase;
			buildActionMask = 2147483647;
			files = (
			);
			runOnlyForDeploymentPostprocessing = 0;
		};
		648EA5E71C9291A90066B4D4 /* Frameworks */ = {
			isa = PBXFrameworksBuildPhase;
			buildActionMask = 2147483647;
			files = (
			);
			runOnlyForDeploymentPostprocessing = 0;
		};
/* End PBXFrameworksBuildPhase section */

/* Begin PBXGroup section */
		648EA5BD1C9291A90066B4D4 = {
			isa = PBXGroup;
			children = (
				648EA5C81C9291A90066B4D4 /* Sortway2 */,
				648EA5E21C9291A90066B4D4 /* Sortway2Tests */,
				648EA5ED1C9291A90066B4D4 /* Sortway2UITests */,
				648EA5C71C9291A90066B4D4 /* Products */,
			);
			sourceTree = "<group>";
		};
		648EA5C71C9291A90066B4D4 /* Products */ = {
			isa = PBXGroup;
			children = (
				648EA5C61C9291A90066B4D4 /* Sortway2.app */,
				648EA5DF1C9291A90066B4D4 /* Sortway2Tests.xctest */,
				648EA5EA1C9291A90066B4D4 /* Sortway2UITests.xctest */,
			);
			name = Products;
			sourceTree = "<group>";
		};
		648EA5C81C9291A90066B4D4 /* Sortway2 */ = {
			isa = PBXGroup;
			children = (
				648EA5CC1C9291A90066B4D4 /* AppDelegate.h */,
				648EA5CD1C9291A90066B4D4 /* AppDelegate.m */,
				648EA5CF1C9291A90066B4D4 /* ViewController.h */,
				648EA5D01C9291A90066B4D4 /* ViewController.m */,
				648EA5FC1C9291E60066B4D4 /* Sort.m */,
				648EA5FD1C9291E60066B4D4 /* Sort.h */,
				648EA5D21C9291A90066B4D4 /* Main.storyboard */,
				648EA5D51C9291A90066B4D4 /* Assets.xcassets */,
				648EA5D71C9291A90066B4D4 /* LaunchScreen.storyboard */,
				648EA5DA1C9291A90066B4D4 /* Info.plist */,
				648EA5C91C9291A90066B4D4 /* Supporting Files */,
			);
			path = Sortway2;
			sourceTree = "<group>";
		};
		648EA5C91C9291A90066B4D4 /* Supporting Files */ = {
			isa = PBXGroup;
			children = (
				648EA5CA1C9291A90066B4D4 /* main.m */,
			);
			name = "Supporting Files";
			sourceTree = "<group>";
		};
		648EA5E21C9291A90066B4D4 /* Sortway2Tests */ = {
			isa = PBXGroup;
			children = (
				648EA5E31C9291A90066B4D4 /* Sortway2Tests.m */,
				648EA5E51C9291A90066B4D4 /* Info.plist */,
			);
			path = Sortway2Tests;
			sourceTree = "<group>";
		};
		648EA5ED1C9291A90066B4D4 /* Sortway2UITests */ = {
			isa = PBXGroup;
			children = (
				648EA5EE1C9291A90066B4D4 /* Sortway2UITests.m */,
				648EA5F01C9291A90066B4D4 /* Info.plist */,
			);
			path = Sortway2UITests;
			sourceTree = "<group>";
		};
/* End PBXGroup section */

/* Begin PBXNativeTarget section */
		648EA5C51C9291A90066B4D4 /* Sortway2 */ = {
			isa = PBXNativeTarget;
			buildConfigurationList = 648EA5F31C9291A90066B4D4 /* Build configuration list for PBXNativeTarget "Sortway2" */;
			buildPhases = (
				648EA5C21C9291A90066B4D4 /* Sources */,
				648EA5C31C9291A90066B4D4 /* Frameworks */,
				648EA5C41C9291A90066B4D4 /* Resources */,
			);
			buildRules = (
			);
			dependencies = (
			);
			name = Sortway2;
			productName = Sortway2;
			productReference = 648EA5C61C9291A90066B4D4 /* Sortway2.app */;
			productType = "com.apple.product-type.application";
		};
		648EA5DE1C9291A90066B4D4 /* Sortway2Tests */ = {
			isa = PBXNativeTarget;
			buildConfigurationList = 648EA5F61C9291A90066B4D4 /* Build configuration list for PBXNativeTarget "Sortway2Tests" */;
			buildPhases = (
				648EA5DB1C9291A90066B4D4 /* Sources */,
				648EA5DC1C9291A90066B4D4 /* Frameworks */,
				648EA5DD1C9291A90066B4D4 /* Resources */,
			);
			buildRules = (
			);
			dependencies = (
				648EA5E11C9291A90066B4D4 /* PBXTargetDependency */,
			);
			name = Sortway2Tests;
			productName = Sortway2Tests;
			productReference = 648EA5DF1C9291A90066B4D4 /* Sortway2Tests.xctest */;
			productType = "com.apple.product-type.bundle.unit-test";
		};
		648EA5E91C9291A90066B4D4 /* Sortway2UITests */ = {
			isa = PBXNativeTarget;
			buildConfigurationList = 648EA5F91C9291A90066B4D4 /* Build configuration list for PBXNativeTarget "Sortway2UITests" */;
			buildPhases = (
				648EA5E61C9291A90066B4D4 /* Sources */,
				648EA5E71C9291A90066B4D4 /* Frameworks */,
				648EA5E81C9291A90066B4D4 /* Resources */,
			);
			buildRules = (
			);
			dependencies = (
				648EA5EC1C9291A90066B4D4 /* PBXTargetDependency */,
			);
			name = Sortway2UITests;
			productName = Sortway2UITests;
			productReference = 648EA5EA1C9291A90066B4D4 /* Sortway2UITests.xctest */;
			productType = "com.apple.product-type.bundle.ui-testing";
		};
/* End PBXNativeTarget section */

/* Begin PBXProject section */
		648EA5BE1C9291A90066B4D4 /* Project object */ = {
			isa = PBXProject;
			attributes = {
				LastUpgradeCheck = 0720;
				ORGANIZATIONNAME = HuiDe;
				TargetAttributes = {
					648EA5C51C9291A90066B4D4 = {
						CreatedOnToolsVersion = 7.2.1;
					};
					648EA5DE1C9291A90066B4D4 = {
						CreatedOnToolsVersion = 7.2.1;
						TestTargetID = 648EA5C51C9291A90066B4D4;
					};
					648EA5E91C9291A90066B4D4 = {
						CreatedOnToolsVersion = 7.2.1;
						TestTargetID = 648EA5C51C9291A90066B4D4;
					};
				};
			};
			buildConfigurationList = 648EA5C11C9291A90066B4D4 /* Build configuration list for PBXProject "Sortway2" */;
			compatibilityVersion = "Xcode 3.2";
			developmentRegion = English;
			hasScannedForEncodings = 0;
			knownRegions = (
				en,
				Base,
			);
			mainGroup = 648EA5BD1C9291A90066B4D4;
			productRefGroup = 648EA5C71C9291A90066B4D4 /* Products */;
			projectDirPath = "";
			projectRoot = "";
			targets = (
				648EA5C51C9291A90066B4D4 /* Sortway2 */,
				648EA5DE1C9291A90066B4D4 /* Sortway2Tests */,
				648EA5E91C9291A90066B4D4 /* Sortway2UITests */,
			);
		};
/* End PBXProject section */

/* Begin PBXResourcesBuildPhase section */
		648EA5C41C9291A90066B4D4 /* Resources */ = {
			isa = PBXResourcesBuildPhase;
			buildActionMask = 2147483647;
			files = (
				648EA5D91C9291A90066B4D4 /* LaunchScreen.storyboard in Resources */,
				648EA5D61C9291A90066B4D4 /* Assets.xcassets in Resources */,
				648EA5D41C9291A90066B4D4 /* Main.storyboard in Resources */,
			);
			runOnlyForDeploymentPostprocessing = 0;
		};
		648EA5DD1C9291A90066B4D4 /* Resources */ = {
			isa = PBXResourcesBuildPhase;
			buildActionMask = 2147483647;
			files = (
			);
			runOnlyForDeploymentPostprocessing = 0;
		};
		648EA5E81C9291A90066B4D4 /* Resources */ = {
			isa = PBXResourcesBuildPhase;
			buildActionMask = 2147483647;
			files = (
			);
			runOnlyForDeploymentPostprocessing = 0;
		};
/* End PBXResourcesBuildPhase section */

/* Begin PBXSourcesBuildPhase section */
		648EA5C21C9291A90066B4D4 /* Sources */ = {
			isa = PBXSourcesBuildPhase;
			buildActionMask = 2147483647;
			files = (
				648EA5D11C9291A90066B4D4 /* ViewController.m in Sources */,
				648EA5FE1C9291E60066B4D4 /* Sort.m in Sources */,
				648EA5CE1C9291A90066B4D4 /* AppDelegate.m in Sources */,
				648EA5CB1C9291A90066B4D4 /* main.m in Sources */,
			);
			runOnlyForDeploymentPostprocessing = 0;
		};
		648EA5DB1C9291A90066B4D4 /* Sources */ = {
			isa = PBXSourcesBuildPhase;
			buildActionMask = 2147483647;
			files = (
				648EA5E41C9291A90066B4D4 /* Sortway2Tests.m in Sources */,
			);
			runOnlyForDeploymentPostprocessing = 0;
		};
		648EA5E61C9291A90066B4D4 /* Sources */ = {
			isa = PBXSourcesBuildPhase;
			buildActionMask = 2147483647;
			files = (
				648EA5EF1C9291A90066B4D4 /* Sortway2UITests.m in Sources */,
			);
			runOnlyForDeploymentPostprocessing = 0;
		};
/* End PBXSourcesBuildPhase section */

/* Begin PBXTargetDependency section */
		648EA5E11C9291A90066B4D4 /* PBXTargetDependency */ = {
			isa = PBXTargetDependency;
			target = 648EA5C51C9291A90066B4D4 /* Sortway2 */;
			targetProxy = 648EA5E01C9291A90066B4D4 /* PBXContainerItemProxy */;
		};
		648EA5EC1C9291A90066B4D4 /* PBXTargetDependency */ = {
			isa = PBXTargetDependency;
			target = 648EA5C51C9291A90066B4D4 /* Sortway2 */;
			targetProxy = 648EA5EB1C9291A90066B4D4 /* PBXContainerItemProxy */;
		};
/* End PBXTargetDependency section */

/* Begin PBXVariantGroup section */
		648EA5D21C9291A90066B4D4 /* Main.storyboard */ = {
			isa = PBXVariantGroup;
			children = (
				648EA5D31C9291A90066B4D4 /* Base */,
			);
			name = Main.storyboard;
			sourceTree = "<group>";
		};
		648EA5D71C9291A90066B4D4 /* LaunchScreen.storyboard */ = {
			isa = PBXVariantGroup;
			children = (
				648EA5D81C9291A90066B4D4 /* Base */,
			);
			name = LaunchScreen.storyboard;
			sourceTree = "<group>";
		};
/* End PBXVariantGroup section */

/* Begin XCBuildConfiguration section */
		648EA5F11C9291A90066B4D4 /* Debug */ = {
			isa = XCBuildConfiguration;
			buildSettings = {
				ALWAYS_SEARCH_USER_PATHS = NO;
				CLANG_CXX_LANGUAGE_STANDARD = "gnu++0x";
				CLANG_CXX_LIBRARY = "libc++";
				CLANG_ENABLE_MODULES = YES;
				CLANG_ENABLE_OBJC_ARC = YES;
				CLANG_WARN_BOOL_CONVERSION = YES;
				CLANG_WARN_CONSTANT_CONVERSION = YES;
				CLANG_WARN_DIRECT_OBJC_ISA_USAGE = YES_ERROR;
				CLANG_WARN_EMPTY_BODY = YES;
				CLANG_WARN_ENUM_CONVERSION = YES;
				CLANG_WARN_INT_CONVERSION = YES;
				CLANG_WARN_OBJC_ROOT_CLASS = YES_ERROR;
				CLANG_WARN_UNREACHABLE_CODE = YES;
				CLANG_WARN__DUPLICATE_METHOD_MATCH = YES;
				"CODE_SIGN_IDENTITY[sdk=iphoneos*]" = "iPhone Developer";
				COPY_PHASE_STRIP = NO;
				DEBUG_INFORMATION_FORMAT = dwarf;
				ENABLE_STRICT_OBJC_MSGSEND = YES;
				ENABLE_TESTABILITY = YES;
				GCC_C_LANGUAGE_STANDARD = gnu99;
				GCC_DYNAMIC_NO_PIC = NO;
				GCC_NO_COMMON_BLOCKS = YES;
				GCC_OPTIMIZATION_LEVEL = 0;
				GCC_PREPROCESSOR_DEFINITIONS = (
					"DEBUG=1",
					"$(inherited)",
				);
				GCC_WARN_64_TO_32_BIT_CONVERSION = YES;
				GCC_WARN_ABOUT_RETURN_TYPE = YES_ERROR;
				GCC_WARN_UNDECLARED_SELECTOR = YES;
				GCC_WARN_UNINITIALIZED_AUTOS = YES_AGGRESSIVE;
				GCC_WARN_UNUSED_FUNCTION = YES;
				GCC_WARN_UNUSED_VARIABLE = YES;
				IPHONEOS_DEPLOYMENT_TARGET = 9.2;
				MTL_ENABLE_DEBUG_INFO = YES;
				ONLY_ACTIVE_ARCH = YES;
				SDKROOT = iphoneos;
			};
			name = Debug;
		};
		648EA5F21C9291A90066B4D4 /* Release */ = {
			isa = XCBuildConfiguration;
			buildSettings = {
				ALWAYS_SEARCH_USER_PATHS = NO;
				CLANG_CXX_LANGUAGE_STANDARD = "gnu++0x";
				CLANG_CXX_LIBRARY = "libc++";
				CLANG_ENABLE_MODULES = YES;
				CLANG_ENABLE_OBJC_ARC = YES;
				CLANG_WARN_BOOL_CONVERSION = YES;
				CLANG_WARN_CONSTANT_CONVERSION = YES;
				CLANG_WARN_DIRECT_OBJC_ISA_USAGE = YES_ERROR;
				CLANG_WARN_EMPTY_BODY = YES;
				CLANG_WARN_ENUM_CONVERSION = YES;
				CLANG_WARN_INT_CONVERSION = YES;
				CLANG_WARN_OBJC_ROOT_CLASS = YES_ERROR;
				CLANG_WARN_UNREACHABLE_CODE = YES;
				CLANG_WARN__DUPLICATE_METHOD_MATCH = YES;
				"CODE_SIGN_IDENTITY[sdk=iphoneos*]" = "iPhone Developer";
				COPY_PHASE_STRIP = NO;
				DEBUG_INFORMATION_FORMAT = "dwarf-with-dsym";
				ENABLE_NS_ASSERTIONS = NO;
				ENABLE_STRICT_OBJC_MSGSEND = YES;
				GCC_C_LANGUAGE_STANDARD = gnu99;
				GCC_NO_COMMON_BLOCKS = YES;
				GCC_WARN_64_TO_32_BIT_CONVERSION = YES;
				GCC_WARN_ABOUT_RETURN_TYPE = YES_ERROR;
				GCC_WARN_UNDECLARED_SELECTOR = YES;
				GCC_WARN_UNINITIALIZED_AUTOS = YES_AGGRESSIVE;
				GCC_WARN_UNUSED_FUNCTION = YES;
				GCC_WARN_UNUSED_VARIABLE = YES;
				IPHONEOS_DEPLOYMENT_TARGET = 9.2;
				MTL_ENABLE_DEBUG_INFO = NO;
				SDKROOT = iphoneos;
				VALIDATE_PRODUCT = YES;
			};
			name = Release;
		};
		648EA5F41C9291A90066B4D4 /* Debug */ = {
			isa = XCBuildConfiguration;
			buildSettings = {
				ASSETCATALOG_COMPILER_APPICON_NAME = AppIcon;
				INFOPLIST_FILE = Sortway2/Info.plist;
				LD_RUNPATH_SEARCH_PATHS = "$(inherited) @executable_path/Frameworks";
				PRODUCT_BUNDLE_IDENTIFIER = com.fushike.Sortway2;
				PRODUCT_NAME = "$(TARGET_NAME)";
			};
			name = Debug;
		};
		648EA5F51C9291A90066B4D4 /* Release */ = {
			isa = XCBuildConfiguration;
			buildSettings = {
				ASSETCATALOG_COMPILER_APPICON_NAME = AppIcon;
				INFOPLIST_FILE = Sortway2/Info.plist;
				LD_RUNPATH_SEARCH_PATHS = "$(inherited) @executable_path/Frameworks";
				PRODUCT_BUNDLE_IDENTIFIER = com.fushike.Sortway2;
				PRODUCT_NAME = "$(TARGET_NAME)";
			};
			name = Release;
		};
		648EA5F71C9291A90066B4D4 /* Debug */ = {
			isa = XCBuildConfiguration;
			buildSettings = {
				BUNDLE_LOADER = "$(TEST_HOST)";
				INFOPLIST_FILE = Sortway2Tests/Info.plist;
				LD_RUNPATH_SEARCH_PATHS = "$(inherited) @executable_path/Frameworks @loader_path/Frameworks";
				PRODUCT_BUNDLE_IDENTIFIER = com.fushike.Sortway2Tests;
				PRODUCT_NAME = "$(TARGET_NAME)";
				TEST_HOST = "$(BUILT_PRODUCTS_DIR)/Sortway2.app/Sortway2";
			};
			name = Debug;
		};
		648EA5F81C9291A90066B4D4 /* Release */ = {
			isa = XCBuildConfiguration;
			buildSettings = {
				BUNDLE_LOADER = "$(TEST_HOST)";
				INFOPLIST_FILE = Sortway2Tests/Info.plist;
				LD_RUNPATH_SEARCH_PATHS = "$(inherited) @executable_path/Frameworks @loader_path/Frameworks";
				PRODUCT_BUNDLE_IDENTIFIER = com.fushike.Sortway2Tests;
				PRODUCT_NAME = "$(TARGET_NAME)";
				TEST_HOST = "$(BUILT_PRODUCTS_DIR)/Sortway2.app/Sortway2";
			};
			name = Release;
		};
		648EA5FA1C9291A90066B4D4 /* Debug */ = {
			isa = XCBuildConfiguration;
			buildSettings = {
				INFOPLIST_FILE = Sortway2UITests/Info.plist;
				LD_RUNPATH_SEARCH_PATHS = "$(inherited) @executable_path/Frameworks @loader_path/Frameworks";
				PRODUCT_BUNDLE_IDENTIFIER = com.fushike.Sortway2UITests;
				PRODUCT_NAME = "$(TARGET_NAME)";
				TEST_TARGET_NAME = Sortway2;
				USES_XCTRUNNER = YES;
			};
			name = Debug;
		};
		648EA5FB1C9291A90066B4D4 /* Release */ = {
			isa = XCBuildConfiguration;
			buildSettings = {
				INFOPLIST_FILE = Sortway2UITests/Info.plist;
				LD_RUNPATH_SEARCH_PATHS = "$(inherited) @executable_path/Frameworks @loader_path/Frameworks";
				PRODUCT_BUNDLE_IDENTIFIER = com.fushike.Sortway2UITests;
				PRODUCT_NAME = "$(TARGET_NAME)";
				TEST_TARGET_NAME = Sortway2;
				USES_XCTRUNNER = YES;
			};
			name = Release;
		};
/* End XCBuildConfiguration section */

/* Begin XCConfigurationList section */
		648EA5C11C9291A90066B4D4 /* Build configuration list for PBXProject "Sortway2" */ = {
			isa = XCConfigurationList;
			buildConfigurations = (
				648EA5F11C9291A90066B4D4 /* Debug */,
				648EA5F21C9291A90066B4D4 /* Release */,
			);
			defaultConfigurationIsVisible = 0;
			defaultConfigurationName = Release;
		};
		648EA5F31C9291A90066B4D4 /* Build configuration list for PBXNativeTarget "Sortway2" */ = {
			isa = XCConfigurationList;
			buildConfigurations = (
				648EA5F41C9291A90066B4D4 /* Debug */,
				648EA5F51C9291A90066B4D4 /* Release */,
			);
			defaultConfigurationIsVisible = 0;
		};
		648EA5F61C9291A90066B4D4 /* Build configuration list for PBXNativeTarget "Sortway2Tests" */ = {
			isa = XCConfigurationList;
			buildConfigurations = (
				648EA5F71C9291A90066B4D4 /* Debug */,
				648EA5F81C9291A90066B4D4 /* Release */,
			);
			defaultConfigurationIsVisible = 0;
		};
		648EA5F91C9291A90066B4D4 /* Build configuration list for PBXNativeTarget "Sortway2UITests" */ = {
			isa = XCConfigurationList;
			buildConfigurations = (
				648EA5FA1C9291A90066B4D4 /* Debug */,
				648EA5FB1C9291A90066B4D4 /* Release */,
			);
			defaultConfigurationIsVisible = 0;
		};
/* End XCConfigurationList section */
	};
	rootObject = 648EA5BE1C9291A90066B4D4 /* Project object */;
}
